{
  "name": "testts",
  "version": "1.0.0",
  "lockfileVersion": 3,
  "requires": true,
  "packages": {
    "": {
      "name": "testts",
      "version": "1.0.0",
      "license": "ISC",
      "dependencies": {
        "node-interval-job": "^1.0.1"
      }
    },
    "node_modules/node-interval-job": {
      "version": "1.0.1",
      "resolved": "https://registry.npmjs.org/node-interval-job/-/node-interval-job-1.0.1.tgz",
      "integrity": "sha512-sUyVtvNq3JYQH4cjwA+fbUxgRthFriX4dVZ9zIDl3wZpc9Z5bGFMbjnBGP8aBcu+G1rM/1hrIrCgNOwgbW5cSw=="
    }
  }
}
