{
  "name": "testts",
  "version": "1.0.0",
  "lockfileVersion": 3,
  "requires": true,
  "packages": {
    "": {
      "name": "testts",
      "version": "1.0.0",
      "license": "ISC",
      "dependencies": {
        "node-interval-job": "^1.0.0"
      }
    },
    "node_modules/node-interval-job": {
      "version": "1.0.0",
      "resolved": "https://registry.npmjs.org/node-interval-job/-/node-interval-job-1.0.0.tgz",
      "integrity": "sha512-G9ClK3liZpAgY3JfbpvPzZl+xlkt7+tf9xJ2jlqPzPO7bFs8jOAJkdNiWBwZ8ZI+WfPstTbUoSwUHla2FaZZDQ=="
    }
  }
}
